
Microsoft Visual Studio Solution File, Format Version 12.00
# Visual Studio Version 17
VisualStudioVersion = 17.14.36203.30
MinimumVisualStudioVersion = 10.0.40219.1
Project("{FAE04EC0-301F-11D3-BF4B-00C04F79EFBC}") = "02. Division", "02. Division\02. Division.csproj", "{6FD0DF72-A3A7-4546-A33C-5A01C88CF374}"
EndProject
Project("{FAE04EC0-301F-11D3-BF4B-00C04F79EFBC}") = "03. Vacation", "03. Vacation\03. Vacation.csproj", "{8D6FC106-FD58-4A24-936D-7FBFCC7A6577}"
EndProject
Project("{FAE04EC0-301F-11D3-BF4B-00C04F79EFBC}") = "04. Print and Sum", "4. Print and Sum\04. Print and Sum.csproj", "{E76A6D68-CA06-4E13-993F-506FC120C715}"
EndProject
Project("{FAE04EC0-301F-11D3-BF4B-00C04F79EFBC}") = "05. Login", "5. Login\05. Login.csproj", "{2A8FA4F7-5013-42BA-AFDA-07D9F7143A3F}"
EndProject
Project("{FAE04EC0-301F-11D3-BF4B-00C04F79EFBC}") = "06. Strong number", "06. Strong number\06. Strong number.csproj", "{AE093C5E-8A70-45E1-8509-F4D06A5F3BD3}"
EndProject
Project("{FAE04EC0-301F-11D3-BF4B-00C04F79EFBC}") = "07. Vending Machine", "07. Vending Machine\07. Vending Machine.csproj", "{F3D63844-8079-4C4F-AF70-322EF5E216C0}"
EndProject
Project("{FAE04EC0-301F-11D3-BF4B-00C04F79EFBC}") = "08. Triangle of Numbers", "08. Triangle of Numbers\08. Triangle of Numbers.csproj", "{4D8D88B3-24F4-443F-B4C7-F4BEB50447DC}"
EndProject
Project("{FAE04EC0-301F-11D3-BF4B-00C04F79EFBC}") = "09. Padawan Equipment", "09. Padawan Equipment\09. Padawan Equipment.csproj", "{288C6239-36DB-4DD6-AD05-9D6625A6877D}"
EndProject
Project("{FAE04EC0-301F-11D3-BF4B-00C04F79EFBC}") = "10. Rage Expenses", "10. Rage Expenses\10. Rage Expenses.csproj", "{C623C6D3-75F8-4902-92B8-8533378AF9AB}"
EndProject
Project("{FAE04EC0-301F-11D3-BF4B-00C04F79EFBC}") = "11. Orders", "11. Orders\11. Orders.csproj", "{AA9945E6-7386-428E-8503-C608C3C81831}"
EndProject
Global
	GlobalSection(SolutionConfigurationPlatforms) = preSolution
		Debug|Any CPU = Debug|Any CPU
		Release|Any CPU = Release|Any CPU
	EndGlobalSection
	GlobalSection(ProjectConfigurationPlatforms) = postSolution
		{6FD0DF72-A3A7-4546-A33C-5A01C88CF374}.Debug|Any CPU.ActiveCfg = Debug|Any CPU
		{6FD0DF72-A3A7-4546-A33C-5A01C88CF374}.Debug|Any CPU.Build.0 = Debug|Any CPU
		{6FD0DF72-A3A7-4546-A33C-5A01C88CF374}.Release|Any CPU.ActiveCfg = Release|Any CPU
		{6FD0DF72-A3A7-4546-A33C-5A01C88CF374}.Release|Any CPU.Build.0 = Release|Any CPU
		{8D6FC106-FD58-4A24-936D-7FBFCC7A6577}.Debug|Any CPU.ActiveCfg = Debug|Any CPU
		{8D6FC106-FD58-4A24-936D-7FBFCC7A6577}.Debug|Any CPU.Build.0 = Debug|Any CPU
		{8D6FC106-FD58-4A24-936D-7FBFCC7A6577}.Release|Any CPU.ActiveCfg = Release|Any CPU
		{8D6FC106-FD58-4A24-936D-7FBFCC7A6577}.Release|Any CPU.Build.0 = Release|Any CPU
		{E76A6D68-CA06-4E13-993F-506FC120C715}.Debug|Any CPU.ActiveCfg = Debug|Any CPU
		{E76A6D68-CA06-4E13-993F-506FC120C715}.Debug|Any CPU.Build.0 = Debug|Any CPU
		{E76A6D68-CA06-4E13-993F-506FC120C715}.Release|Any CPU.ActiveCfg = Release|Any CPU
		{E76A6D68-CA06-4E13-993F-506FC120C715}.Release|Any CPU.Build.0 = Release|Any CPU
		{2A8FA4F7-5013-42BA-AFDA-07D9F7143A3F}.Debug|Any CPU.ActiveCfg = Debug|Any CPU
		{2A8FA4F7-5013-42BA-AFDA-07D9F7143A3F}.Debug|Any CPU.Build.0 = Debug|Any CPU
		{2A8FA4F7-5013-42BA-AFDA-07D9F7143A3F}.Release|Any CPU.ActiveCfg = Release|Any CPU
		{2A8FA4F7-5013-42BA-AFDA-07D9F7143A3F}.Release|Any CPU.Build.0 = Release|Any CPU
		{AE093C5E-8A70-45E1-8509-F4D06A5F3BD3}.Debug|Any CPU.ActiveCfg = Debug|Any CPU
		{AE093C5E-8A70-45E1-8509-F4D06A5F3BD3}.Debug|Any CPU.Build.0 = Debug|Any CPU
		{AE093C5E-8A70-45E1-8509-F4D06A5F3BD3}.Release|Any CPU.ActiveCfg = Release|Any CPU
		{AE093C5E-8A70-45E1-8509-F4D06A5F3BD3}.Release|Any CPU.Build.0 = Release|Any CPU
		{F3D63844-8079-4C4F-AF70-322EF5E216C0}.Debug|Any CPU.ActiveCfg = Debug|Any CPU
		{F3D63844-8079-4C4F-AF70-322EF5E216C0}.Debug|Any CPU.Build.0 = Debug|Any CPU
		{F3D63844-8079-4C4F-AF70-322EF5E216C0}.Release|Any CPU.ActiveCfg = Release|Any CPU
		{F3D63844-8079-4C4F-AF70-322EF5E216C0}.Release|Any CPU.Build.0 = Release|Any CPU
		{4D8D88B3-24F4-443F-B4C7-F4BEB50447DC}.Debug|Any CPU.ActiveCfg = Debug|Any CPU
		{4D8D88B3-24F4-443F-B4C7-F4BEB50447DC}.Debug|Any CPU.Build.0 = Debug|Any CPU
		{4D8D88B3-24F4-443F-B4C7-F4BEB50447DC}.Release|Any CPU.ActiveCfg = Release|Any CPU
		{4D8D88B3-24F4-443F-B4C7-F4BEB50447DC}.Release|Any CPU.Build.0 = Release|Any CPU
		{288C6239-36DB-4DD6-AD05-9D6625A6877D}.Debug|Any CPU.ActiveCfg = Debug|Any CPU
		{288C6239-36DB-4DD6-AD05-9D6625A6877D}.Debug|Any CPU.Build.0 = Debug|Any CPU
		{288C6239-36DB-4DD6-AD05-9D6625A6877D}.Release|Any CPU.ActiveCfg = Release|Any CPU
		{288C6239-36DB-4DD6-AD05-9D6625A6877D}.Release|Any CPU.Build.0 = Release|Any CPU
		{C623C6D3-75F8-4902-92B8-8533378AF9AB}.Debug|Any CPU.ActiveCfg = Debug|Any CPU
		{C623C6D3-75F8-4902-92B8-8533378AF9AB}.Debug|Any CPU.Build.0 = Debug|Any CPU
		{C623C6D3-75F8-4902-92B8-8533378AF9AB}.Release|Any CPU.ActiveCfg = Release|Any CPU
		{C623C6D3-75F8-4902-92B8-8533378AF9AB}.Release|Any CPU.Build.0 = Release|Any CPU
		{AA9945E6-7386-428E-8503-C608C3C81831}.Debug|Any CPU.ActiveCfg = Debug|Any CPU
		{AA9945E6-7386-428E-8503-C608C3C81831}.Debug|Any CPU.Build.0 = Debug|Any CPU
		{AA9945E6-7386-428E-8503-C608C3C81831}.Release|Any CPU.ActiveCfg = Release|Any CPU
		{AA9945E6-7386-428E-8503-C608C3C81831}.Release|Any CPU.Build.0 = Release|Any CPU
	EndGlobalSection
	GlobalSection(SolutionProperties) = preSolution
		HideSolutionNode = FALSE
	EndGlobalSection
	GlobalSection(ExtensibilityGlobals) = postSolution
		SolutionGuid = {894D3F01-B506-47BF-A197-327C2A0B2458}
	EndGlobalSection
EndGlobal
